schema: '2.0'
stages:
  prepare:
    cmd: python src/preprocessing.py
    deps:
    - path: data/adult.data
      hash: md5
      md5: 5d7c39d7b8804f071cdd1f2a7c460872
      size: 3974305
    - path: data/adult.test
      hash: md5
      md5: 366c746021dc50ad9d933d2817612fc9
      size: 2003132
    - path: src/create_features.py
      hash: md5
      md5: b93aea27ba45f8b24bdd52928f1f2b99
      size: 2564
    params:
      params.yaml:
        features.chi2percentile: 50
        features.test_path: data/adult.test
        features.train_path: data/adult.data
    outs:
    - path: data/pipeline.pkl
      hash: md5
      md5: cd233d80a9464eb2d6aeec1e6a00923a
      size: 4839
    - path: data/processed_test_data.csv
      hash: md5
      md5: b793c80c9797a0bf73d75943670f1af5
      size: 3336
    - path: data/processed_train_data.csv
      hash: md5
      md5: 43e04727c7a8a2cee97db71526f0025b
      size: 9925
